
Microsoft Visual Studio Solution File, Format Version 12.00
# Visual Studio Version 17
VisualStudioVersion = 17.6.33829.357
MinimumVisualStudioVersion = 10.0.40219.1
Project("{FAE04EC0-301F-11D3-BF4B-00C04F79EFBC}") = "ClassLibraryPassword", "ClassLibraryPassword\ClassLibraryPassword.csproj", "{DDAA4C8D-45C0-450F-95F9-B82FC722A76E}"
EndProject
Project("{FAE04EC0-301F-11D3-BF4B-00C04F79EFBC}") = "ClassLibraryPasswordTests", "ClassLibraryPasswordTests\ClassLibraryPasswordTests.csproj", "{B500EB22-65F2-4B88-AD51-1122252D89C9}"
EndProject
Project("{FAE04EC0-301F-11D3-BF4B-00C04F79EFBC}") = "Kira", "Kira\Kira.csproj", "{10F678A6-7095-4FB3-A5BE-A8AE56867024}"
EndProject
Global
	GlobalSection(SolutionConfigurationPlatforms) = preSolution
		Debug|Any CPU = Debug|Any CPU
		Release|Any CPU = Release|Any CPU
	EndGlobalSection
	GlobalSection(ProjectConfigurationPlatforms) = postSolution
		{DDAA4C8D-45C0-450F-95F9-B82FC722A76E}.Debug|Any CPU.ActiveCfg = Debug|Any CPU
		{DDAA4C8D-45C0-450F-95F9-B82FC722A76E}.Debug|Any CPU.Build.0 = Debug|Any CPU
		{DDAA4C8D-45C0-450F-95F9-B82FC722A76E}.Release|Any CPU.ActiveCfg = Release|Any CPU
		{DDAA4C8D-45C0-450F-95F9-B82FC722A76E}.Release|Any CPU.Build.0 = Release|Any CPU
		{B500EB22-65F2-4B88-AD51-1122252D89C9}.Debug|Any CPU.ActiveCfg = Debug|Any CPU
		{B500EB22-65F2-4B88-AD51-1122252D89C9}.Debug|Any CPU.Build.0 = Debug|Any CPU
		{B500EB22-65F2-4B88-AD51-1122252D89C9}.Release|Any CPU.ActiveCfg = Release|Any CPU
		{B500EB22-65F2-4B88-AD51-1122252D89C9}.Release|Any CPU.Build.0 = Release|Any CPU
		{10F678A6-7095-4FB3-A5BE-A8AE56867024}.Debug|Any CPU.ActiveCfg = Debug|Any CPU
		{10F678A6-7095-4FB3-A5BE-A8AE56867024}.Debug|Any CPU.Build.0 = Debug|Any CPU
		{10F678A6-7095-4FB3-A5BE-A8AE56867024}.Release|Any CPU.ActiveCfg = Release|Any CPU
		{10F678A6-7095-4FB3-A5BE-A8AE56867024}.Release|Any CPU.Build.0 = Release|Any CPU
	EndGlobalSection
	GlobalSection(SolutionProperties) = preSolution
		HideSolutionNode = FALSE
	EndGlobalSection
	GlobalSection(ExtensibilityGlobals) = postSolution
		SolutionGuid = {47558736-5FC5-4152-A3BC-B3B0C1BD58CA}
	EndGlobalSection
EndGlobal
